
Microsoft Visual Studio Solution File, Format Version 12.00
# Visual Studio Version 17
VisualStudioVersion = 17.8.34330.188
MinimumVisualStudioVersion = 10.0.40219.1
Project("{FAE04EC0-301F-11D3-BF4B-00C04F79EFBC}") = "WebSocketServer", "WebSocketServer\WebSocketServer.csproj", "{0A064235-3094-4817-AFD3-020EA344B141}"
EndProject
Project("{FAE04EC0-301F-11D3-BF4B-00C04F79EFBC}") = "WebSocketClient", "WebSocketClient\WebSocketClient.csproj", "{911532C2-DE84-4A5B-A3A0-874CB108CB46}"
EndProject
Global
	GlobalSection(SolutionConfigurationPlatforms) = preSolution
		Debug|Any CPU = Debug|Any CPU
		Release|Any CPU = Release|Any CPU
	EndGlobalSection
	GlobalSection(ProjectConfigurationPlatforms) = postSolution
		{0A064235-3094-4817-AFD3-020EA344B141}.Debug|Any CPU.ActiveCfg = Debug|Any CPU
		{0A064235-3094-4817-AFD3-020EA344B141}.Debug|Any CPU.Build.0 = Debug|Any CPU
		{0A064235-3094-4817-AFD3-020EA344B141}.Release|Any CPU.ActiveCfg = Release|Any CPU
		{0A064235-3094-4817-AFD3-020EA344B141}.Release|Any CPU.Build.0 = Release|Any CPU
		{911532C2-DE84-4A5B-A3A0-874CB108CB46}.Debug|Any CPU.ActiveCfg = Debug|Any CPU
		{911532C2-DE84-4A5B-A3A0-874CB108CB46}.Debug|Any CPU.Build.0 = Debug|Any CPU
		{911532C2-DE84-4A5B-A3A0-874CB108CB46}.Release|Any CPU.ActiveCfg = Release|Any CPU
		{911532C2-DE84-4A5B-A3A0-874CB108CB46}.Release|Any CPU.Build.0 = Release|Any CPU
	EndGlobalSection
	GlobalSection(SolutionProperties) = preSolution
		HideSolutionNode = FALSE
	EndGlobalSection
	GlobalSection(ExtensibilityGlobals) = postSolution
		SolutionGuid = {4EEACCCA-94EC-4AFB-B7C0-63B393F2282F}
	EndGlobalSection
EndGlobal
